<?xml version="1.0" encoding="UTF-8"?>
<!DOCTYPE plist PUBLIC "-//Apple//DTD PLIST 1.0//EN" "http://www.apple.com/DTDs/PropertyList-1.0.dtd">
<plist version="1.0">
<dict>
	<key>archiveVersion</key>
	<string>1</string>
	<key>classes</key>
	<dict/>
	<key>objectVersion</key>
	<string>46</string>
	<key>objects</key>
	<dict>
		<key>287BBB5D1DCB4B8F9FC8FA79</key>
		<dict>
			<key>includeInIndex</key>
			<string>1</string>
			<key>isa</key>
			<string>PBXFileReference</string>
			<key>lastKnownFileType</key>
			<string>text.xcconfig</string>
			<key>name</key>
			<string>Pods.xcconfig</string>
			<key>path</key>
			<string>Pods/Pods.xcconfig</string>
			<key>sourceTree</key>
			<string>&lt;group&gt;</string>
		</dict>
		<key>4F3F412217E7C9CA008B3283</key>
		<dict>
			<key>children</key>
			<array>
				<string>4F3F412317E7C9CA008B3283</string>
				<string>4F3F412B17E7C9CA008B3283</string>
			</array>
			<key>isa</key>
			<string>PBXGroup</string>
			<key>path</key>
			<string>MKNetworkKit-iOS</string>
			<key>sourceTree</key>
			<string>&lt;group&gt;</string>
		</dict>
		<key>4F3F412317E7C9CA008B3283</key>
		<dict>
			<key>children</key>
			<array>
				<string>4F3F412417E7C9CA008B3283</string>
			</array>
			<key>isa</key>
			<string>PBXGroup</string>
			<key>path</key>
			<string>Headers</string>
			<key>sourceTree</key>
			<string>&lt;group&gt;</string>
		</dict>
		<key>4F3F412417E7C9CA008B3283</key>
		<dict>
			<key>children</key>
			<array>
				<string>4F3F412517E7C9CA008B3283</string>
				<string>4F3F412617E7C9CA008B3283</string>
				<string>4F3F412717E7C9CA008B3283</string>
				<string>4F3F412817E7C9CA008B3283</string>
				<string>4F3F412917E7C9CA008B3283</string>
				<string>4F3F412A17E7C9CA008B3283</string>
			</array>
			<key>isa</key>
			<string>PBXGroup</string>
			<key>path</key>
			<string>MKNetworkKit-iOS</string>
			<key>sourceTree</key>
			<string>&lt;group&gt;</string>
		</dict>
		<key>4F3F412517E7C9CA008B3283</key>
		<dict>
			<key>isa</key>
			<string>PBXFileReference</string>
			<key>lastKnownFileType</key>
			<string>sourcecode.c.h</string>
			<key>path</key>
			<string>MKNetworkEngine.h</string>
			<key>sourceTree</key>
			<string>&lt;group&gt;</string>
		</dict>
		<key>4F3F412617E7C9CA008B3283</key>
		<dict>
			<key>isa</key>
			<string>PBXFileReference</string>
			<key>lastKnownFileType</key>
			<string>sourcecode.c.h</string>
			<key>path</key>
			<string>MKNetworkKit.h</string>
			<key>sourceTree</key>
			<string>&lt;group&gt;</string>
		</dict>
		<key>4F3F412717E7C9CA008B3283</key>
		<dict>
			<key>isa</key>
			<string>PBXFileReference</string>
			<key>lastKnownFileType</key>
			<string>sourcecode.c.h</string>
			<key>path</key>
			<string>MKNetworkOperation.h</string>
			<key>sourceTree</key>
			<string>&lt;group&gt;</string>
		</dict>
		<key>4F3F412817E7C9CA008B3283</key>
		<dict>
			<key>isa</key>
			<string>PBXFileReference</string>
			<key>lastKnownFileType</key>
			<string>sourcecode.c.h</string>
			<key>path</key>
			<string>NSDictionary+RequestEncoding.h</string>
			<key>sourceTree</key>
			<string>&lt;group&gt;</string>
		</dict>
		<key>4F3F412917E7C9CA008B3283</key>
		<dict>
			<key>isa</key>
			<string>PBXFileReference</string>
			<key>lastKnownFileType</key>
			<string>sourcecode.c.h</string>
			<key>path</key>
			<string>NSString+MKNetworkKitAdditions.h</string>
			<key>sourceTree</key>
			<string>&lt;group&gt;</string>
		</dict>
		<key>4F3F412A17E7C9CA008B3283</key>
		<dict>
			<key>isa</key>
			<string>PBXFileReference</string>
			<key>lastKnownFileType</key>
			<string>sourcecode.c.h</string>
			<key>path</key>
			<string>UIAlertView+MKNetworkKitAdditions.h</string>
			<key>sourceTree</key>
			<string>&lt;group&gt;</string>
		</dict>
		<key>4F3F412B17E7C9CA008B3283</key>
		<dict>
			<key>isa</key>
			<string>PBXFileReference</string>
			<key>lastKnownFileType</key>
			<string>archive.ar</string>
			<key>path</key>
			<string>libMKNetworkKit-iOS.a</string>
			<key>sourceTree</key>
			<string>&lt;group&gt;</string>
		</dict>
		<key>4F3F412C17E7C9CA008B3283</key>
		<dict>
			<key>children</key>
			<array>
				<string>4F3F412D17E7C9CA008B3283</string>
				<string>4F3F413317E7C9CA008B3283</string>
			</array>
			<key>isa</key>
			<string>PBXGroup</string>
			<key>path</key>
			<string>SalesforceNetworkSDK</string>
			<key>sourceTree</key>
			<string>&lt;group&gt;</string>
		</dict>
		<key>4F3F412D17E7C9CA008B3283</key>
		<dict>
			<key>children</key>
			<array>
				<string>4F3F412E17E7C9CA008B3283</string>
			</array>
			<key>isa</key>
			<string>PBXGroup</string>
			<key>path</key>
			<string>Headers</string>
			<key>sourceTree</key>
			<string>&lt;group&gt;</string>
		</dict>
		<key>4F3F412E17E7C9CA008B3283</key>
		<dict>
			<key>children</key>
			<array>
				<string>4F3F412F17E7C9CA008B3283</string>
				<string>4F3F413017E7C9CA008B3283</string>
				<string>4F3F413117E7C9CA008B3283</string>
				<string>4F3F413217E7C9CA008B3283</string>
			</array>
			<key>isa</key>
			<string>PBXGroup</string>
			<key>path</key>
			<string>SalesforceNetworkSDK</string>
			<key>sourceTree</key>
			<string>&lt;group&gt;</string>
		</dict>
		<key>4F3F412F17E7C9CA008B3283</key>
		<dict>
			<key>isa</key>
			<string>PBXFileReference</string>
			<key>lastKnownFileType</key>
			<string>sourcecode.c.h</string>
			<key>path</key>
			<string>SFNetworkCoordinator.h</string>
			<key>sourceTree</key>
			<string>&lt;group&gt;</string>
		</dict>
		<key>4F3F413017E7C9CA008B3283</key>
		<dict>
			<key>isa</key>
			<string>PBXFileReference</string>
			<key>lastKnownFileType</key>
			<string>sourcecode.c.h</string>
			<key>path</key>
			<string>SFNetworkEngine.h</string>
			<key>sourceTree</key>
			<string>&lt;group&gt;</string>
		</dict>
		<key>4F3F413117E7C9CA008B3283</key>
		<dict>
			<key>isa</key>
			<string>PBXFileReference</string>
			<key>lastKnownFileType</key>
			<string>sourcecode.c.h</string>
			<key>path</key>
			<string>SFNetworkOperation.h</string>
			<key>sourceTree</key>
			<string>&lt;group&gt;</string>
		</dict>
		<key>4F3F413217E7C9CA008B3283</key>
		<dict>
			<key>isa</key>
			<string>PBXFileReference</string>
			<key>lastKnownFileType</key>
			<string>sourcecode.c.h</string>
			<key>path</key>
			<string>SFNetworkUtils.h</string>
			<key>sourceTree</key>
			<string>&lt;group&gt;</string>
		</dict>
		<key>4F3F413317E7C9CA008B3283</key>
		<dict>
			<key>isa</key>
			<string>PBXFileReference</string>
			<key>lastKnownFileType</key>
			<string>archive.ar</string>
			<key>path</key>
			<string>libSalesforceNetworkSDK.a</string>
			<key>sourceTree</key>
			<string>&lt;group&gt;</string>
		</dict>
		<key>4F3F413417E7CA5C008B3283</key>
		<dict>
			<key>isa</key>
			<string>PBXFileReference</string>
			<key>lastKnownFileType</key>
			<string>wrapper.framework</string>
			<key>name</key>
			<string>ImageIO.framework</string>
			<key>path</key>
			<string>System/Library/Frameworks/ImageIO.framework</string>
			<key>sourceTree</key>
			<string>SDKROOT</string>
		</dict>
		<key>4F3F413517E7CA5C008B3283</key>
		<dict>
			<key>fileRef</key>
			<string>4F3F413417E7CA5C008B3283</string>
			<key>isa</key>
			<string>PBXBuildFile</string>
		</dict>
		<key>4F3F413617E7CA71008B3283</key>
		<dict>
			<key>fileRef</key>
			<string>4F3F412B17E7C9CA008B3283</string>
			<key>isa</key>
			<string>PBXBuildFile</string>
		</dict>
		<key>4F3F413717E7CA84008B3283</key>
		<dict>
			<key>fileRef</key>
			<string>4F3F413317E7C9CA008B3283</string>
			<key>isa</key>
			<string>PBXBuildFile</string>
		</dict>
		<key>4F57794817F4CF5B004706EE</key>
		<dict>
			<key>isa</key>
			<string>PBXFileReference</string>
			<key>lastKnownFileType</key>
			<string>sourcecode.c.h</string>
			<key>path</key>
			<string>SFRestAPI+Files.h</string>
			<key>sourceTree</key>
			<string>&lt;group&gt;</string>
		</dict>
		<key>5ACD890C882446C9853FFEFA</key>
		<dict>
			<key>buildActionMask</key>
			<string>2147483647</string>
			<key>files</key>
			<array/>
			<key>inputPaths</key>
			<array/>
			<key>isa</key>
			<string>PBXShellScriptBuildPhase</string>
			<key>name</key>
			<string>Check Pods Manifest.lock</string>
			<key>outputPaths</key>
			<array/>
			<key>runOnlyForDeploymentPostprocessing</key>
			<string>0</string>
			<key>shellPath</key>
			<string>/bin/sh</string>
			<key>shellScript</key>
			<string>diff "${PODS_ROOT}/../Podfile.lock" "${PODS_ROOT}/Manifest.lock" &gt; /dev/null
if [[ $? != 0 ]] ; then
    cat &lt;&lt; EOM
error: The sandbox is not in sync with the Podfile.lock. Run 'pod install' or update your CocoaPods installation.
EOM
    exit 1
fi
</string>
			<key>showEnvVarsInLog</key>
			<string>0</string>
		</dict>
		<key>5D03A39026F848D9BDB8D7C2</key>
		<dict>
			<key>explicitFileType</key>
			<string>archive.ar</string>
			<key>includeInIndex</key>
			<string>0</string>
			<key>isa</key>
			<string>PBXFileReference</string>
			<key>path</key>
			<string>libPods.a</string>
			<key>sourceTree</key>
			<string>BUILT_PRODUCTS_DIR</string>
		</dict>
		<key>693B96A2B14643E197993C47</key>
		<dict>
			<key>buildActionMask</key>
			<string>2147483647</string>
			<key>files</key>
			<array/>
			<key>inputPaths</key>
			<array/>
			<key>isa</key>
			<string>PBXShellScriptBuildPhase</string>
			<key>name</key>
			<string>Copy Pods Resources</string>
			<key>outputPaths</key>
			<array/>
			<key>runOnlyForDeploymentPostprocessing</key>
			<string>0</string>
			<key>shellPath</key>
			<string>/bin/sh</string>
			<key>shellScript</key>
			<string>"${SRCROOT}/Pods/Pods-resources.sh"
</string>
			<key>showEnvVarsInLog</key>
			<string>0</string>
		</dict>
		<key>824A9DCC1724E16400C9BD79</key>
		<dict>
			<key>children</key>
			<array>
				<string>824A9DDE1724E16400C9BD79</string>
				<string>824A9DD71724E16400C9BD79</string>
				<string>824A9DD61724E16400C9BD79</string>
				<string>287BBB5D1DCB4B8F9FC8FA79</string>
			</array>
			<key>isa</key>
			<string>PBXGroup</string>
			<key>sourceTree</key>
			<string>&lt;group&gt;</string>
		</dict>
		<key>824A9DCD1724E16400C9BD79</key>
		<dict>
			<key>attributes</key>
			<dict>
				<key>LastUpgradeCheck</key>
				<string>0460</string>
				<key>ORGANIZATIONNAME</key>
				<string>Spitfire Athlete - Hackathons</string>
			</dict>
			<key>buildConfigurationList</key>
			<string>824A9DD01724E16400C9BD79</string>
			<key>compatibilityVersion</key>
			<string>Xcode 3.2</string>
			<key>developmentRegion</key>
			<string>English</string>
			<key>hasScannedForEncodings</key>
			<string>0</string>
			<key>isa</key>
			<string>PBXProject</string>
			<key>knownRegions</key>
			<array>
				<string>en</string>
			</array>
			<key>mainGroup</key>
			<string>824A9DCC1724E16400C9BD79</string>
			<key>productRefGroup</key>
			<string>824A9DD61724E16400C9BD79</string>
			<key>projectDirPath</key>
			<string></string>
			<key>projectReferences</key>
			<array/>
			<key>projectRoot</key>
			<string></string>
			<key>targets</key>
			<array>
				<string>824A9DD41724E16400C9BD79</string>
			</array>
		</dict>
		<key>824A9DD01724E16400C9BD79</key>
		<dict>
			<key>buildConfigurations</key>
			<array>
				<string>824A9DF91724E16400C9BD79</string>
				<string>824A9DFA1724E16400C9BD79</string>
			</array>
			<key>defaultConfigurationIsVisible</key>
			<string>0</string>
			<key>defaultConfigurationName</key>
			<string>Release</string>
			<key>isa</key>
			<string>XCConfigurationList</string>
		</dict>
		<key>824A9DD11724E16400C9BD79</key>
		<dict>
			<key>buildActionMask</key>
			<string>2147483647</string>
			<key>files</key>
			<array>
				<string>EA6F005A1839C24700336E21</string>
				<string>824A9DE51724E16400C9BD79</string>
				<string>824A9E331724E2A900C9BD79</string>
				<string>824A9E361724E45100C9BD79</string>
			</array>
			<key>isa</key>
			<string>PBXSourcesBuildPhase</string>
			<key>runOnlyForDeploymentPostprocessing</key>
			<string>0</string>
		</dict>
		<key>824A9DD21724E16400C9BD79</key>
		<dict>
			<key>buildActionMask</key>
			<string>2147483647</string>
			<key>files</key>
			<array>
				<string>4F3F413717E7CA84008B3283</string>
				<string>4F3F413617E7CA71008B3283</string>
				<string>824A9FDD1725079100C9BD79</string>
				<string>8273F18A1778F39F005E31A6</string>
				<string>82BBB59F1793941D00374DD8</string>
				<string>82BBB5A71793944400374DD8</string>
				<string>82BBB5C01793946800374DD8</string>
				<string>824A9FE51725079100C9BD79</string>
				<string>824A9FDE1725079100C9BD79</string>
				<string>824A9FE81725098F00C9BD79</string>
				<string>824A9FEA1725099600C9BD79</string>
				<string>824A9DD91724E16400C9BD79</string>
				<string>4F3F413517E7CA5C008B3283</string>
				<string>824A9DDB1724E16400C9BD79</string>
				<string>824A9FEC17250ADA00C9BD79</string>
				<string>824A9FEE17250AE500C9BD79</string>
				<string>824A9DDD1724E16400C9BD79</string>
				<string>824A9FF017250B7D00C9BD79</string>
				<string>824A9FF217250B8300C9BD79</string>
				<string>824A9FF417250BF300C9BD79</string>
				<string>824A9FF617250BFA00C9BD79</string>
				<string>824A9FF817250C0100C9BD79</string>
				<string>B77020996CC44CE0A5907FCC</string>
			</array>
			<key>isa</key>
			<string>PBXFrameworksBuildPhase</string>
			<key>runOnlyForDeploymentPostprocessing</key>
			<string>0</string>
		</dict>
		<key>824A9DD31724E16400C9BD79</key>
		<dict>
			<key>buildActionMask</key>
			<string>2147483647</string>
			<key>files</key>
			<array>
				<string>824A9DE31724E16400C9BD79</string>
				<string>824A9E3D1724E9F400C9BD79</string>
				<string>824A9E3F1724EC6300C9BD79</string>
				<string>EA6F00541839BDE500336E21</string>
				<string>824A9E411724ECC600C9BD79</string>
				<string>EA6F0067183AAB9100336E21</string>
				<string>EA6F005C1839C78E00336E21</string>
				<string>824A9E5F1724F02D00C9BD79</string>
				<string>824A9E601724F02D00C9BD79</string>
				<string>824A9E611724F02D00C9BD79</string>
				<string>824A9E621724F02D00C9BD79</string>
				<string>824A9FDF1725079100C9BD79</string>
				<string>EA6F0068183AAB9100336E21</string>
				<string>EA6F00511839BBC700336E21</string>
				<string>824A9FE61725079100C9BD79</string>
				<string>EA6F00561839BF2000336E21</string>
			</array>
			<key>isa</key>
			<string>PBXResourcesBuildPhase</string>
			<key>runOnlyForDeploymentPostprocessing</key>
			<string>0</string>
		</dict>
		<key>824A9DD41724E16400C9BD79</key>
		<dict>
			<key>buildConfigurationList</key>
			<string>824A9DFB1724E16400C9BD79</string>
			<key>buildPhases</key>
			<array>
				<string>5ACD890C882446C9853FFEFA</string>
				<string>824A9DD11724E16400C9BD79</string>
				<string>824A9DD21724E16400C9BD79</string>
				<string>824A9DD31724E16400C9BD79</string>
				<string>693B96A2B14643E197993C47</string>
			</array>
			<key>buildRules</key>
			<array/>
			<key>dependencies</key>
			<array/>
			<key>isa</key>
			<string>PBXNativeTarget</string>
			<key>name</key>
			<string>clarity</string>
			<key>productName</key>
			<string>clarity</string>
			<key>productReference</key>
			<string>824A9DD51724E16400C9BD79</string>
			<key>productType</key>
			<string>com.apple.product-type.application</string>
		</dict>
		<key>824A9DD51724E16400C9BD79</key>
		<dict>
			<key>explicitFileType</key>
			<string>wrapper.application</string>
			<key>includeInIndex</key>
			<string>0</string>
			<key>isa</key>
			<string>PBXFileReference</string>
			<key>path</key>
			<string>clarity.app</string>
			<key>sourceTree</key>
			<string>BUILT_PRODUCTS_DIR</string>
		</dict>
		<key>824A9DD61724E16400C9BD79</key>
		<dict>
			<key>children</key>
			<array>
				<string>824A9DD51724E16400C9BD79</string>
			</array>
			<key>isa</key>
			<string>PBXGroup</string>
			<key>name</key>
			<string>Products</string>
			<key>sourceTree</key>
			<string>&lt;group&gt;</string>
		</dict>
		<key>824A9DD71724E16400C9BD79</key>
		<dict>
			<key>children</key>
			<array>
				<string>824A9FE71725098F00C9BD79</string>
				<string>824A9FE91725099600C9BD79</string>
				<string>4F3F413417E7CA5C008B3283</string>
				<string>824A9FEB17250ADA00C9BD79</string>
				<string>824A9FED17250AE500C9BD79</string>
				<string>824A9DDC1724E16400C9BD79</string>
				<string>824A9DDA1724E16400C9BD79</string>
				<string>824A9FEF17250B7C00C9BD79</string>
				<string>824A9FF117250B8300C9BD79</string>
				<string>824A9FF317250BF300C9BD79</string>
				<string>824A9FF517250BFA00C9BD79</string>
				<string>824A9FF717250C0100C9BD79</string>
				<string>824A9DD81724E16400C9BD79</string>
				<string>5D03A39026F848D9BDB8D7C2</string>
			</array>
			<key>isa</key>
			<string>PBXGroup</string>
			<key>name</key>
			<string>Frameworks</string>
			<key>sourceTree</key>
			<string>&lt;group&gt;</string>
		</dict>
		<key>824A9DD81724E16400C9BD79</key>
		<dict>
			<key>isa</key>
			<string>PBXFileReference</string>
			<key>lastKnownFileType</key>
			<string>wrapper.framework</string>
			<key>name</key>
			<string>UIKit.framework</string>
			<key>path</key>
			<string>System/Library/Frameworks/UIKit.framework</string>
			<key>sourceTree</key>
			<string>SDKROOT</string>
		</dict>
		<key>824A9DD91724E16400C9BD79</key>
		<dict>
			<key>fileRef</key>
			<string>824A9DD81724E16400C9BD79</string>
			<key>isa</key>
			<string>PBXBuildFile</string>
		</dict>
		<key>824A9DDA1724E16400C9BD79</key>
		<dict>
			<key>isa</key>
			<string>PBXFileReference</string>
			<key>lastKnownFileType</key>
			<string>wrapper.framework</string>
			<key>name</key>
			<string>Foundation.framework</string>
			<key>path</key>
			<string>System/Library/Frameworks/Foundation.framework</string>
			<key>sourceTree</key>
			<string>SDKROOT</string>
		</dict>
		<key>824A9DDB1724E16400C9BD79</key>
		<dict>
			<key>fileRef</key>
			<string>824A9DDA1724E16400C9BD79</string>
			<key>isa</key>
			<string>PBXBuildFile</string>
		</dict>
		<key>824A9DDC1724E16400C9BD79</key>
		<dict>
			<key>isa</key>
			<string>PBXFileReference</string>
			<key>lastKnownFileType</key>
			<string>wrapper.framework</string>
			<key>name</key>
			<string>CoreGraphics.framework</string>
			<key>path</key>
			<string>System/Library/Frameworks/CoreGraphics.framework</string>
			<key>sourceTree</key>
			<string>SDKROOT</string>
		</dict>
		<key>824A9DDD1724E16400C9BD79</key>
		<dict>
			<key>fileRef</key>
			<string>824A9DDC1724E16400C9BD79</string>
			<key>isa</key>
			<string>PBXBuildFile</string>
		</dict>
		<key>824A9DDE1724E16400C9BD79</key>
		<dict>
			<key>children</key>
			<array>
				<string>824A9E3C1724E9F400C9BD79</string>
				<string>824A9E301724E2A900C9BD79</string>
				<string>824A9F301725079000C9BD79</string>
				<string>824A9E421724EF9800C9BD79</string>
				<string>824A9DDF1724E16400C9BD79</string>
			</array>
			<key>isa</key>
			<string>PBXGroup</string>
			<key>path</key>
			<string>clarity</string>
			<key>sourceTree</key>
			<string>&lt;group&gt;</string>
		</dict>
		<key>824A9DDF1724E16400C9BD79</key>
		<dict>
			<key>children</key>
			<array>
				<string>824A9DE01724E16400C9BD79</string>
				<string>824A9DE11724E16400C9BD79</string>
				<string>824A9DE41724E16400C9BD79</string>
				<string>824A9DE61724E16400C9BD79</string>
			</array>
			<key>isa</key>
			<string>PBXGroup</string>
			<key>name</key>
			<string>Supporting Files</string>
			<key>sourceTree</key>
			<string>&lt;group&gt;</string>
		</dict>
		<key>824A9DE01724E16400C9BD79</key>
		<dict>
			<key>isa</key>
			<string>PBXFileReference</string>
			<key>lastKnownFileType</key>
			<string>text.plist.xml</string>
			<key>path</key>
			<string>clarity-Info.plist</string>
			<key>sourceTree</key>
			<string>&lt;group&gt;</string>
		</dict>
		<key>824A9DE11724E16400C9BD79</key>
		<dict>
			<key>children</key>
			<array>
				<string>824A9DE21724E16400C9BD79</string>
			</array>
			<key>isa</key>
			<string>PBXVariantGroup</string>
			<key>name</key>
			<string>InfoPlist.strings</string>
			<key>sourceTree</key>
			<string>&lt;group&gt;</string>
		</dict>
		<key>824A9DE21724E16400C9BD79</key>
		<dict>
			<key>isa</key>
			<string>PBXFileReference</string>
			<key>lastKnownFileType</key>
			<string>text.plist.strings</string>
			<key>name</key>
			<string>en</string>
			<key>path</key>
			<string>en.lproj/InfoPlist.strings</string>
			<key>sourceTree</key>
			<string>&lt;group&gt;</string>
		</dict>
		<key>824A9DE31724E16400C9BD79</key>
		<dict>
			<key>fileRef</key>
			<string>824A9DE11724E16400C9BD79</string>
			<key>isa</key>
			<string>PBXBuildFile</string>
		</dict>
		<key>824A9DE41724E16400C9BD79</key>
		<dict>
			<key>isa</key>
			<string>PBXFileReference</string>
			<key>lastKnownFileType</key>
			<string>sourcecode.c.objc</string>
			<key>path</key>
			<string>main.m</string>
			<key>sourceTree</key>
			<string>&lt;group&gt;</string>
		</dict>
		<key>824A9DE51724E16400C9BD79</key>
		<dict>
			<key>fileRef</key>
			<string>824A9DE41724E16400C9BD79</string>
			<key>isa</key>
			<string>PBXBuildFile</string>
		</dict>
		<key>824A9DE61724E16400C9BD79</key>
		<dict>
			<key>isa</key>
			<string>PBXFileReference</string>
			<key>lastKnownFileType</key>
			<string>sourcecode.c.h</string>
			<key>path</key>
			<string>clarity-Prefix.pch</string>
			<key>sourceTree</key>
			<string>&lt;group&gt;</string>
		</dict>
		<key>824A9DF91724E16400C9BD79</key>
		<dict>
			<key>buildSettings</key>
			<dict>
				<key>ALWAYS_SEARCH_USER_PATHS</key>
				<string>NO</string>
				<key>CLANG_CXX_LANGUAGE_STANDARD</key>
				<string>gnu++0x</string>
				<key>CLANG_CXX_LIBRARY</key>
				<string>libc++</string>
				<key>CLANG_ENABLE_OBJC_ARC</key>
				<string>YES</string>
				<key>CLANG_WARN_CONSTANT_CONVERSION</key>
				<string>YES</string>
				<key>CLANG_WARN_EMPTY_BODY</key>
				<string>YES</string>
				<key>CLANG_WARN_ENUM_CONVERSION</key>
				<string>YES</string>
				<key>CLANG_WARN_INT_CONVERSION</key>
				<string>YES</string>
				<key>CLANG_WARN__DUPLICATE_METHOD_MATCH</key>
				<string>YES</string>
				<key>CODE_SIGN_IDENTITY[sdk=iphoneos*]</key>
				<string>iPhone Developer</string>
				<key>COPY_PHASE_STRIP</key>
				<string>NO</string>
				<key>GCC_C_LANGUAGE_STANDARD</key>
				<string>gnu99</string>
				<key>GCC_DYNAMIC_NO_PIC</key>
				<string>NO</string>
				<key>GCC_OPTIMIZATION_LEVEL</key>
				<string>0</string>
				<key>GCC_PREPROCESSOR_DEFINITIONS</key>
				<array>
					<string>DEBUG=1</string>
					<string>$(inherited)</string>
				</array>
				<key>GCC_SYMBOLS_PRIVATE_EXTERN</key>
				<string>NO</string>
				<key>GCC_WARN_ABOUT_RETURN_TYPE</key>
				<string>YES</string>
				<key>GCC_WARN_UNINITIALIZED_AUTOS</key>
				<string>YES</string>
				<key>GCC_WARN_UNUSED_VARIABLE</key>
				<string>YES</string>
				<key>IPHONEOS_DEPLOYMENT_TARGET</key>
				<string>6.0</string>
				<key>ONLY_ACTIVE_ARCH</key>
				<string>YES</string>
				<key>SDKROOT</key>
				<string>iphoneos</string>
				<key>TARGETED_DEVICE_FAMILY</key>
				<string>1,2</string>
			</dict>
			<key>isa</key>
			<string>XCBuildConfiguration</string>
			<key>name</key>
			<string>Debug</string>
		</dict>
		<key>824A9DFA1724E16400C9BD79</key>
		<dict>
			<key>buildSettings</key>
			<dict>
				<key>ALWAYS_SEARCH_USER_PATHS</key>
				<string>NO</string>
				<key>CLANG_CXX_LANGUAGE_STANDARD</key>
				<string>gnu++0x</string>
				<key>CLANG_CXX_LIBRARY</key>
				<string>libc++</string>
				<key>CLANG_ENABLE_OBJC_ARC</key>
				<string>YES</string>
				<key>CLANG_WARN_CONSTANT_CONVERSION</key>
				<string>YES</string>
				<key>CLANG_WARN_EMPTY_BODY</key>
				<string>YES</string>
				<key>CLANG_WARN_ENUM_CONVERSION</key>
				<string>YES</string>
				<key>CLANG_WARN_INT_CONVERSION</key>
				<string>YES</string>
				<key>CLANG_WARN__DUPLICATE_METHOD_MATCH</key>
				<string>YES</string>
				<key>CODE_SIGN_IDENTITY[sdk=iphoneos*]</key>
				<string>iPhone Developer</string>
				<key>COPY_PHASE_STRIP</key>
				<string>YES</string>
				<key>GCC_C_LANGUAGE_STANDARD</key>
				<string>gnu99</string>
				<key>GCC_WARN_ABOUT_RETURN_TYPE</key>
				<string>YES</string>
				<key>GCC_WARN_UNINITIALIZED_AUTOS</key>
				<string>YES</string>
				<key>GCC_WARN_UNUSED_VARIABLE</key>
				<string>YES</string>
				<key>IPHONEOS_DEPLOYMENT_TARGET</key>
				<string>6.0</string>
				<key>OTHER_CFLAGS</key>
				<string>-DNS_BLOCK_ASSERTIONS=1</string>
				<key>SDKROOT</key>
				<string>iphoneos</string>
				<key>TARGETED_DEVICE_FAMILY</key>
				<string>1,2</string>
				<key>VALIDATE_PRODUCT</key>
				<string>YES</string>
			</dict>
			<key>isa</key>
			<string>XCBuildConfiguration</string>
			<key>name</key>
			<string>Release</string>
		</dict>
		<key>824A9DFB1724E16400C9BD79</key>
		<dict>
			<key>buildConfigurations</key>
			<array>
				<string>824A9DFC1724E16400C9BD79</string>
				<string>824A9DFD1724E16400C9BD79</string>
			</array>
			<key>defaultConfigurationIsVisible</key>
			<string>0</string>
			<key>defaultConfigurationName</key>
			<string>Release</string>
			<key>isa</key>
			<string>XCConfigurationList</string>
		</dict>
		<key>824A9DFC1724E16400C9BD79</key>
		<dict>
			<key>baseConfigurationReference</key>
			<string>287BBB5D1DCB4B8F9FC8FA79</string>
			<key>buildSettings</key>
			<dict>
				<key>GCC_PRECOMPILE_PREFIX_HEADER</key>
				<string>YES</string>
				<key>GCC_PREFIX_HEADER</key>
				<string>clarity/clarity-Prefix.pch</string>
				<key>HEADER_SEARCH_PATHS</key>
				<array>
					<string>$(SRCROOT)/clarity/Dependencies/SalesforceOAuth/Headers</string>
					<string>$(SRCROOT)/clarity/Dependencies/SalesforceNetworkSDK/Headers</string>
					<string>$(SRCROOT)/clarity/Dependencies/SalesforceNativeSDK/Headers</string>
					<string>$(SRCROOT)/clarity/Dependencies/SalesforceSDKCore/Headers</string>
					<string>$(SRCROOT)/clarity/Dependencies/SalesforceCommonUtils/Headers</string>
				</array>
				<key>INFOPLIST_FILE</key>
				<string>clarity/clarity-Info.plist</string>
				<key>IPHONEOS_DEPLOYMENT_TARGET</key>
				<string>7.0</string>
				<key>LIBRARY_SEARCH_PATHS</key>
				<array>
					<string>$(inherited)</string>
					<string>"$(SRCROOT)/clarity/Dependencies/openssl"</string>
					<string>"$(SRCROOT)/clarity/Dependencies/MKNetworkKit-iOS"</string>
					<string>"$(SRCROOT)/clarity/Dependencies/SalesforceCommonUtils"</string>
					<string>"$(SRCROOT)/clarity/Dependencies/SalesforceNativeSDK"</string>
					<string>"$(SRCROOT)/clarity/Dependencies/SalesforceOAuth"</string>
					<string>"$(SRCROOT)/clarity/Dependencies/SalesforceSDKCore"</string>
					<string>"$(SRCROOT)/clarity/Dependencies/SalesforceNetworkSDK"</string>
					<string>"$(SRCROOT)/clarity/Dependencies/sqlcipher"</string>
				</array>
				<key>OTHER_LDFLAGS</key>
				<array>
					<string>-ObjC</string>
					<string>-all_load</string>
				</array>
				<key>PRODUCT_NAME</key>
				<string>$(TARGET_NAME)</string>
				<key>WRAPPER_EXTENSION</key>
				<string>app</string>
			</dict>
			<key>isa</key>
			<string>XCBuildConfiguration</string>
			<key>name</key>
			<string>Debug</string>
		</dict>
		<key>824A9DFD1724E16400C9BD79</key>
		<dict>
			<key>baseConfigurationReference</key>
			<string>287BBB5D1DCB4B8F9FC8FA79</string>
			<key>buildSettings</key>
			<dict>
				<key>GCC_PRECOMPILE_PREFIX_HEADER</key>
				<string>YES</string>
				<key>GCC_PREFIX_HEADER</key>
				<string>clarity/clarity-Prefix.pch</string>
				<key>HEADER_SEARCH_PATHS</key>
				<array>
					<string>$(SRCROOT)/clarity/Dependencies/SalesforceOAuth/Headers</string>
					<string>$(SRCROOT)/clarity/Dependencies/SalesforceNetworkSDK/Headers</string>
					<string>$(SRCROOT)/clarity/Dependencies/SalesforceNativeSDK/Headers</string>
					<string>$(SRCROOT)/clarity/Dependencies/SalesforceSDKCore/Headers</string>
					<string>$(SRCROOT)/clarity/Dependencies/SalesforceCommonUtils/Headers</string>
				</array>
				<key>INFOPLIST_FILE</key>
				<string>clarity/clarity-Info.plist</string>
				<key>IPHONEOS_DEPLOYMENT_TARGET</key>
				<string>7.0</string>
				<key>LIBRARY_SEARCH_PATHS</key>
				<array>
					<string>$(inherited)</string>
					<string>"$(SRCROOT)/clarity/Dependencies/openssl"</string>
					<string>"$(SRCROOT)/clarity/Dependencies/MKNetworkKit-iOS"</string>
					<string>"$(SRCROOT)/clarity/Dependencies/SalesforceCommonUtils"</string>
					<string>"$(SRCROOT)/clarity/Dependencies/SalesforceNativeSDK"</string>
					<string>"$(SRCROOT)/clarity/Dependencies/SalesforceOAuth"</string>
					<string>"$(SRCROOT)/clarity/Dependencies/SalesforceSDKCore"</string>
					<string>"$(SRCROOT)/clarity/Dependencies/SalesforceNetworkSDK"</string>
					<string>"$(SRCROOT)/clarity/Dependencies/sqlcipher"</string>
				</array>
				<key>OTHER_LDFLAGS</key>
				<array>
					<string>-ObjC</string>
					<string>-all_load</string>
				</array>
				<key>PRODUCT_NAME</key>
				<string>$(TARGET_NAME)</string>
				<key>WRAPPER_EXTENSION</key>
				<string>app</string>
			</dict>
			<key>isa</key>
			<string>XCBuildConfiguration</string>
			<key>name</key>
			<string>Release</string>
		</dict>
		<key>824A9E301724E2A900C9BD79</key>
		<dict>
			<key>children</key>
			<array>
				<string>EA6F00571839C22B00336E21</string>
				<string>824A9E311724E2A900C9BD79</string>
				<string>824A9E321724E2A900C9BD79</string>
				<string>EA6F00501839BBC700336E21</string>
				<string>824A9E341724E45000C9BD79</string>
				<string>824A9E351724E45100C9BD79</string>
			</array>
			<key>isa</key>
			<string>PBXGroup</string>
			<key>path</key>
			<string>Classes</string>
			<key>sourceTree</key>
			<string>&lt;group&gt;</string>
		</dict>
		<key>824A9E311724E2A900C9BD79</key>
		<dict>
			<key>fileEncoding</key>
			<string>4</string>
			<key>isa</key>
			<string>PBXFileReference</string>
			<key>lastKnownFileType</key>
			<string>sourcecode.c.h</string>
			<key>path</key>
			<string>AppDelegate.h</string>
			<key>sourceTree</key>
			<string>&lt;group&gt;</string>
		</dict>
		<key>824A9E321724E2A900C9BD79</key>
		<dict>
			<key>fileEncoding</key>
			<string>4</string>
			<key>isa</key>
			<string>PBXFileReference</string>
			<key>lastKnownFileType</key>
			<string>sourcecode.c.objc</string>
			<key>path</key>
			<string>AppDelegate.m</string>
			<key>sourceTree</key>
			<string>&lt;group&gt;</string>
		</dict>
		<key>824A9E331724E2A900C9BD79</key>
		<dict>
			<key>fileRef</key>
			<string>824A9E321724E2A900C9BD79</string>
			<key>isa</key>
			<string>PBXBuildFile</string>
		</dict>
		<key>824A9E341724E45000C9BD79</key>
		<dict>
			<key>fileEncoding</key>
			<string>4</string>
			<key>isa</key>
			<string>PBXFileReference</string>
			<key>lastKnownFileType</key>
			<string>sourcecode.c.h</string>
			<key>path</key>
			<string>RootViewController.h</string>
			<key>sourceTree</key>
			<string>&lt;group&gt;</string>
		</dict>
		<key>824A9E351724E45100C9BD79</key>
		<dict>
			<key>fileEncoding</key>
			<string>4</string>
			<key>isa</key>
			<string>PBXFileReference</string>
			<key>lastKnownFileType</key>
			<string>sourcecode.c.objc</string>
			<key>path</key>
			<string>RootViewController.m</string>
			<key>sourceTree</key>
			<string>&lt;group&gt;</string>
		</dict>
		<key>824A9E361724E45100C9BD79</key>
		<dict>
			<key>fileRef</key>
			<string>824A9E351724E45100C9BD79</string>
			<key>isa</key>
			<string>PBXBuildFile</string>
		</dict>
		<key>824A9E3C1724E9F400C9BD79</key>
		<dict>
			<key>fileEncoding</key>
			<string>4</string>
			<key>isa</key>
			<string>PBXFileReference</string>
			<key>lastKnownFileType</key>
			<string>text</string>
			<key>path</key>
			<string>readme.txt</string>
			<key>sourceTree</key>
			<string>&lt;group&gt;</string>
		</dict>
		<key>824A9E3D1724E9F400C9BD79</key>
		<dict>
			<key>fileRef</key>
			<string>824A9E3C1724E9F400C9BD79</string>
			<key>isa</key>
			<string>PBXBuildFile</string>
		</dict>
		<key>824A9E3E1724EC6300C9BD79</key>
		<dict>
			<key>isa</key>
			<string>PBXFileReference</string>
			<key>lastKnownFileType</key>
			<string>wrapper.plug-in</string>
			<key>path</key>
			<string>Settings.bundle</string>
			<key>sourceTree</key>
			<string>&lt;group&gt;</string>
		</dict>
		<key>824A9E3F1724EC6300C9BD79</key>
		<dict>
			<key>fileRef</key>
			<string>824A9E3E1724EC6300C9BD79</string>
			<key>isa</key>
			<string>PBXBuildFile</string>
		</dict>
		<key>824A9E401724ECC600C9BD79</key>
		<dict>
			<key>isa</key>
			<string>PBXFileReference</string>
			<key>lastKnownFileType</key>
			<string>wrapper.plug-in</string>
			<key>path</key>
			<string>SalesforceSDKResources.bundle</string>
			<key>sourceTree</key>
			<string>&lt;group&gt;</string>
		</dict>
		<key>824A9E411724ECC600C9BD79</key>
		<dict>
			<key>fileRef</key>
			<string>824A9E401724ECC600C9BD79</string>
			<key>isa</key>
			<string>PBXBuildFile</string>
		</dict>
		<key>824A9E421724EF9800C9BD79</key>
		<dict>
			<key>children</key>
			<array>
				<string>EA6F00521839BDD700336E21</string>
				<string>824A9E591724F01500C9BD79</string>
				<string>824A9E401724ECC600C9BD79</string>
				<string>824A9E3E1724EC6300C9BD79</string>
			</array>
			<key>isa</key>
			<string>PBXGroup</string>
			<key>name</key>
			<string>Resources</string>
			<key>sourceTree</key>
			<string>&lt;group&gt;</string>
		</dict>
		<key>824A9E591724F01500C9BD79</key>
		<dict>
			<key>children</key>
			<array>
				<string>824A9E5B1724F02D00C9BD79</string>
				<string>824A9E5C1724F02D00C9BD79</string>
				<string>824A9E5D1724F02D00C9BD79</string>
				<string>824A9E5E1724F02D00C9BD79</string>
			</array>
			<key>isa</key>
			<string>PBXGroup</string>
			<key>name</key>
			<string>icons</string>
			<key>sourceTree</key>
			<string>&lt;group&gt;</string>
		</dict>
		<key>824A9E5B1724F02D00C9BD79</key>
		<dict>
			<key>isa</key>
			<string>PBXFileReference</string>
			<key>lastKnownFileType</key>
			<string>image.png</string>
			<key>path</key>
			<string>icon-72.png</string>
			<key>sourceTree</key>
			<string>&lt;group&gt;</string>
		</dict>
		<key>824A9E5C1724F02D00C9BD79</key>
		<dict>
			<key>isa</key>
			<string>PBXFileReference</string>
			<key>lastKnownFileType</key>
			<string>image.png</string>
			<key>path</key>
			<string>icon-72@2x.png</string>
			<key>sourceTree</key>
			<string>&lt;group&gt;</string>
		</dict>
		<key>824A9E5D1724F02D00C9BD79</key>
		<dict>
			<key>isa</key>
			<string>PBXFileReference</string>
			<key>lastKnownFileType</key>
			<string>image.png</string>
			<key>path</key>
			<string>icon.png</string>
			<key>sourceTree</key>
			<string>&lt;group&gt;</string>
		</dict>
		<key>824A9E5E1724F02D00C9BD79</key>
		<dict>
			<key>isa</key>
			<string>PBXFileReference</string>
			<key>lastKnownFileType</key>
			<string>image.png</string>
			<key>path</key>
			<string>icon@2x.png</string>
			<key>sourceTree</key>
			<string>&lt;group&gt;</string>
		</dict>
		<key>824A9E5F1724F02D00C9BD79</key>
		<dict>
			<key>fileRef</key>
			<string>824A9E5B1724F02D00C9BD79</string>
			<key>isa</key>
			<string>PBXBuildFile</string>
		</dict>
		<key>824A9E601724F02D00C9BD79</key>
		<dict>
			<key>fileRef</key>
			<string>824A9E5C1724F02D00C9BD79</string>
			<key>isa</key>
			<string>PBXBuildFile</string>
		</dict>
		<key>824A9E611724F02D00C9BD79</key>
		<dict>
			<key>fileRef</key>
			<string>824A9E5D1724F02D00C9BD79</string>
			<key>isa</key>
			<string>PBXBuildFile</string>
		</dict>
		<key>824A9E621724F02D00C9BD79</key>
		<dict>
			<key>fileRef</key>
			<string>824A9E5E1724F02D00C9BD79</string>
			<key>isa</key>
			<string>PBXBuildFile</string>
		</dict>
		<key>824A9F301725079000C9BD79</key>
		<dict>
			<key>children</key>
			<array>
				<string>4F3F412217E7C9CA008B3283</string>
				<string>4F3F412C17E7C9CA008B3283</string>
				<string>824A9F311725079000C9BD79</string>
				<string>8273F1641778F39F005E31A6</string>
				<string>82BBB5971793941D00374DD8</string>
				<string>82BBB5A01793944400374DD8</string>
				<string>82BBB5A81793946800374DD8</string>
				<string>824A9FDA1725079100C9BD79</string>
			</array>
			<key>isa</key>
			<string>PBXGroup</string>
			<key>path</key>
			<string>Dependencies</string>
			<key>sourceTree</key>
			<string>&lt;group&gt;</string>
		</dict>
		<key>824A9F311725079000C9BD79</key>
		<dict>
			<key>children</key>
			<array>
				<string>824A9F321725079000C9BD79</string>
				<string>824A9F331725079000C9BD79</string>
				<string>824A9F341725079000C9BD79</string>
			</array>
			<key>isa</key>
			<string>PBXGroup</string>
			<key>path</key>
			<string>openssl</string>
			<key>sourceTree</key>
			<string>&lt;group&gt;</string>
		</dict>
		<key>824A9F321725079000C9BD79</key>
		<dict>
			<key>isa</key>
			<string>PBXFileReference</string>
			<key>lastKnownFileType</key>
			<string>archive.ar</string>
			<key>path</key>
			<string>libcrypto.a</string>
			<key>sourceTree</key>
			<string>&lt;group&gt;</string>
		</dict>
		<key>824A9F331725079000C9BD79</key>
		<dict>
			<key>isa</key>
			<string>PBXFileReference</string>
			<key>lastKnownFileType</key>
			<string>archive.ar</string>
			<key>path</key>
			<string>libssl.a</string>
			<key>sourceTree</key>
			<string>&lt;group&gt;</string>
		</dict>
		<key>824A9F341725079000C9BD79</key>
		<dict>
			<key>fileEncoding</key>
			<string>4</string>
			<key>isa</key>
			<string>PBXFileReference</string>
			<key>lastKnownFileType</key>
			<string>text</string>
			<key>path</key>
			<string>openssl_license.txt</string>
			<key>sourceTree</key>
			<string>&lt;group&gt;</string>
		</dict>
		<key>824A9FDA1725079100C9BD79</key>
		<dict>
			<key>children</key>
			<array>
				<string>824A9FDB1725079100C9BD79</string>
				<string>824A9FDC1725079100C9BD79</string>
			</array>
			<key>isa</key>
			<string>PBXGroup</string>
			<key>path</key>
			<string>sqlcipher</string>
			<key>sourceTree</key>
			<string>&lt;group&gt;</string>
		</dict>
		<key>824A9FDB1725079100C9BD79</key>
		<dict>
			<key>isa</key>
			<string>PBXFileReference</string>
			<key>lastKnownFileType</key>
			<string>archive.ar</string>
			<key>path</key>
			<string>libsqlcipher.a</string>
			<key>sourceTree</key>
			<string>&lt;group&gt;</string>
		</dict>
		<key>824A9FDC1725079100C9BD79</key>
		<dict>
			<key>fileEncoding</key>
			<string>4</string>
			<key>isa</key>
			<string>PBXFileReference</string>
			<key>lastKnownFileType</key>
			<string>text</string>
			<key>path</key>
			<string>LICENSE</string>
			<key>sourceTree</key>
			<string>&lt;group&gt;</string>
		</dict>
		<key>824A9FDD1725079100C9BD79</key>
		<dict>
			<key>fileRef</key>
			<string>824A9F321725079000C9BD79</string>
			<key>isa</key>
			<string>PBXBuildFile</string>
		</dict>
		<key>824A9FDE1725079100C9BD79</key>
		<dict>
			<key>fileRef</key>
			<string>824A9F331725079000C9BD79</string>
			<key>isa</key>
			<string>PBXBuildFile</string>
		</dict>
		<key>824A9FDF1725079100C9BD79</key>
		<dict>
			<key>fileRef</key>
			<string>824A9F341725079000C9BD79</string>
			<key>isa</key>
			<string>PBXBuildFile</string>
		</dict>
		<key>824A9FE51725079100C9BD79</key>
		<dict>
			<key>fileRef</key>
			<string>824A9FDB1725079100C9BD79</string>
			<key>isa</key>
			<string>PBXBuildFile</string>
		</dict>
		<key>824A9FE61725079100C9BD79</key>
		<dict>
			<key>fileRef</key>
			<string>824A9FDC1725079100C9BD79</string>
			<key>isa</key>
			<string>PBXBuildFile</string>
		</dict>
		<key>824A9FE71725098F00C9BD79</key>
		<dict>
			<key>isa</key>
			<string>PBXFileReference</string>
			<key>lastKnownFileType</key>
			<string>compiled.mach-o.dylib</string>
			<key>name</key>
			<string>libxml2.dylib</string>
			<key>path</key>
			<string>usr/lib/libxml2.dylib</string>
			<key>sourceTree</key>
			<string>SDKROOT</string>
		</dict>
		<key>824A9FE81725098F00C9BD79</key>
		<dict>
			<key>fileRef</key>
			<string>824A9FE71725098F00C9BD79</string>
			<key>isa</key>
			<string>PBXBuildFile</string>
		</dict>
		<key>824A9FE91725099600C9BD79</key>
		<dict>
			<key>isa</key>
			<string>PBXFileReference</string>
			<key>lastKnownFileType</key>
			<string>compiled.mach-o.dylib</string>
			<key>name</key>
			<string>libz.dylib</string>
			<key>path</key>
			<string>usr/lib/libz.dylib</string>
			<key>sourceTree</key>
			<string>SDKROOT</string>
		</dict>
		<key>824A9FEA1725099600C9BD79</key>
		<dict>
			<key>fileRef</key>
			<string>824A9FE91725099600C9BD79</string>
			<key>isa</key>
			<string>PBXBuildFile</string>
		</dict>
		<key>824A9FEB17250ADA00C9BD79</key>
		<dict>
			<key>isa</key>
			<string>PBXFileReference</string>
			<key>lastKnownFileType</key>
			<string>wrapper.framework</string>
			<key>name</key>
			<string>CFNetwork.framework</string>
			<key>path</key>
			<string>System/Library/Frameworks/CFNetwork.framework</string>
			<key>sourceTree</key>
			<string>SDKROOT</string>
		</dict>
		<key>824A9FEC17250ADA00C9BD79</key>
		<dict>
			<key>fileRef</key>
			<string>824A9FEB17250ADA00C9BD79</string>
			<key>isa</key>
			<string>PBXBuildFile</string>
		</dict>
		<key>824A9FED17250AE500C9BD79</key>
		<dict>
			<key>isa</key>
			<string>PBXFileReference</string>
			<key>lastKnownFileType</key>
			<string>wrapper.framework</string>
			<key>name</key>
			<string>CoreData.framework</string>
			<key>path</key>
			<string>System/Library/Frameworks/CoreData.framework</string>
			<key>sourceTree</key>
			<string>SDKROOT</string>
		</dict>
		<key>824A9FEE17250AE500C9BD79</key>
		<dict>
			<key>fileRef</key>
			<string>824A9FED17250AE500C9BD79</string>
			<key>isa</key>
			<string>PBXBuildFile</string>
		</dict>
		<key>824A9FEF17250B7C00C9BD79</key>
		<dict>
			<key>isa</key>
			<string>PBXFileReference</string>
			<key>lastKnownFileType</key>
			<string>wrapper.framework</string>
			<key>name</key>
			<string>MessageUI.framework</string>
			<key>path</key>
			<string>System/Library/Frameworks/MessageUI.framework</string>
			<key>sourceTree</key>
			<string>SDKROOT</string>
		</dict>
		<key>824A9FF017250B7D00C9BD79</key>
		<dict>
			<key>fileRef</key>
			<string>824A9FEF17250B7C00C9BD79</string>
			<key>isa</key>
			<string>PBXBuildFile</string>
		</dict>
		<key>824A9FF117250B8300C9BD79</key>
		<dict>
			<key>isa</key>
			<string>PBXFileReference</string>
			<key>lastKnownFileType</key>
			<string>wrapper.framework</string>
			<key>name</key>
			<string>MobileCoreServices.framework</string>
			<key>path</key>
			<string>System/Library/Frameworks/MobileCoreServices.framework</string>
			<key>sourceTree</key>
			<string>SDKROOT</string>
		</dict>
		<key>824A9FF217250B8300C9BD79</key>
		<dict>
			<key>fileRef</key>
			<string>824A9FF117250B8300C9BD79</string>
			<key>isa</key>
			<string>PBXBuildFile</string>
		</dict>
		<key>824A9FF317250BF300C9BD79</key>
		<dict>
			<key>isa</key>
			<string>PBXFileReference</string>
			<key>lastKnownFileType</key>
			<string>wrapper.framework</string>
			<key>name</key>
			<string>QuartzCore.framework</string>
			<key>path</key>
			<string>System/Library/Frameworks/QuartzCore.framework</string>
			<key>sourceTree</key>
			<string>SDKROOT</string>
		</dict>
		<key>824A9FF417250BF300C9BD79</key>
		<dict>
			<key>fileRef</key>
			<string>824A9FF317250BF300C9BD79</string>
			<key>isa</key>
			<string>PBXBuildFile</string>
		</dict>
		<key>824A9FF517250BFA00C9BD79</key>
		<dict>
			<key>isa</key>
			<string>PBXFileReference</string>
			<key>lastKnownFileType</key>
			<string>wrapper.framework</string>
			<key>name</key>
			<string>Security.framework</string>
			<key>path</key>
			<string>System/Library/Frameworks/Security.framework</string>
			<key>sourceTree</key>
			<string>SDKROOT</string>
		</dict>
		<key>824A9FF617250BFA00C9BD79</key>
		<dict>
			<key>fileRef</key>
			<string>824A9FF517250BFA00C9BD79</string>
			<key>isa</key>
			<string>PBXBuildFile</string>
		</dict>
		<key>824A9FF717250C0100C9BD79</key>
		<dict>
			<key>isa</key>
			<string>PBXFileReference</string>
			<key>lastKnownFileType</key>
			<string>wrapper.framework</string>
			<key>name</key>
			<string>SystemConfiguration.framework</string>
			<key>path</key>
			<string>System/Library/Frameworks/SystemConfiguration.framework</string>
			<key>sourceTree</key>
			<string>SDKROOT</string>
		</dict>
		<key>824A9FF817250C0100C9BD79</key>
		<dict>
			<key>fileRef</key>
			<string>824A9FF717250C0100C9BD79</string>
			<key>isa</key>
			<string>PBXBuildFile</string>
		</dict>
		<key>8273F1641778F39F005E31A6</key>
		<dict>
			<key>children</key>
			<array>
				<string>8273F1661778F39F005E31A6</string>
				<string>8273F1881778F39F005E31A6</string>
			</array>
			<key>isa</key>
			<string>PBXGroup</string>
			<key>path</key>
			<string>SalesforceCommonUtils</string>
			<key>sourceTree</key>
			<string>&lt;group&gt;</string>
		</dict>
		<key>8273F1661778F39F005E31A6</key>
		<dict>
			<key>children</key>
			<array>
				<string>8273F1671778F39F005E31A6</string>
			</array>
			<key>isa</key>
			<string>PBXGroup</string>
			<key>path</key>
			<string>Headers</string>
			<key>sourceTree</key>
			<string>&lt;group&gt;</string>
		</dict>
		<key>8273F1671778F39F005E31A6</key>
		<dict>
			<key>children</key>
			<array>
				<string>8273F1681778F39F005E31A6</string>
				<string>8273F1691778F39F005E31A6</string>
				<string>8273F16A1778F39F005E31A6</string>
				<string>8273F16B1778F39F005E31A6</string>
				<string>8273F16C1778F39F005E31A6</string>
				<string>8273F16D1778F39F005E31A6</string>
				<string>8273F16E1778F39F005E31A6</string>
				<string>8273F16F1778F39F005E31A6</string>
				<string>8273F1701778F39F005E31A6</string>
				<string>8273F1711778F39F005E31A6</string>
				<string>8273F1721778F39F005E31A6</string>
				<string>8273F1731778F39F005E31A6</string>
				<string>8273F1741778F39F005E31A6</string>
				<string>8273F1751778F39F005E31A6</string>
				<string>8273F1761778F39F005E31A6</string>
				<string>8273F1771778F39F005E31A6</string>
				<string>8273F1781778F39F005E31A6</string>
				<string>8273F1791778F39F005E31A6</string>
				<string>8273F17A1778F39F005E31A6</string>
				<string>8273F17B1778F39F005E31A6</string>
				<string>8273F17C1778F39F005E31A6</string>
				<string>8273F17D1778F39F005E31A6</string>
				<string>8273F17E1778F39F005E31A6</string>
				<string>8273F17F1778F39F005E31A6</string>
				<string>8273F1801778F39F005E31A6</string>
				<string>8273F1811778F39F005E31A6</string>
				<string>8273F1821778F39F005E31A6</string>
				<string>8273F1831778F39F005E31A6</string>
				<string>8273F1841778F39F005E31A6</string>
				<string>8273F1851778F39F005E31A6</string>
				<string>8273F1861778F39F005E31A6</string>
				<string>8273F1871778F39F005E31A6</string>
			</array>
			<key>isa</key>
			<string>PBXGroup</string>
			<key>path</key>
			<string>SalesforceCommonUtils</string>
			<key>sourceTree</key>
			<string>&lt;group&gt;</string>
		</dict>
		<key>8273F1681778F39F005E31A6</key>
		<dict>
			<key>fileEncoding</key>
			<string>4</string>
			<key>isa</key>
			<string>PBXFileReference</string>
			<key>lastKnownFileType</key>
			<string>sourcecode.c.h</string>
			<key>path</key>
			<string>NSData+SFAdditions.h</string>
			<key>sourceTree</key>
			<string>&lt;group&gt;</string>
		</dict>
		<key>8273F1691778F39F005E31A6</key>
		<dict>
			<key>fileEncoding</key>
			<string>4</string>
			<key>isa</key>
			<string>PBXFileReference</string>
			<key>lastKnownFileType</key>
			<string>sourcecode.c.h</string>
			<key>path</key>
			<string>NSDictionary+SFAdditions.h</string>
			<key>sourceTree</key>
			<string>&lt;group&gt;</string>
		</dict>
		<key>8273F16A1778F39F005E31A6</key>
		<dict>
			<key>fileEncoding</key>
			<string>4</string>
			<key>isa</key>
			<string>PBXFileReference</string>
			<key>lastKnownFileType</key>
			<string>sourcecode.c.h</string>
			<key>path</key>
			<string>NSMutableAttributedString+SFAdditions.h</string>
			<key>sourceTree</key>
			<string>&lt;group&gt;</string>
		</dict>
		<key>8273F16B1778F39F005E31A6</key>
		<dict>
			<key>fileEncoding</key>
			<string>4</string>
			<key>isa</key>
			<string>PBXFileReference</string>
			<key>lastKnownFileType</key>
			<string>sourcecode.c.h</string>
			<key>path</key>
			<string>NSObject+SFBlocks.h</string>
			<key>sourceTree</key>
			<string>&lt;group&gt;</string>
		</dict>
		<key>8273F16C1778F39F005E31A6</key>
		<dict>
			<key>fileEncoding</key>
			<string>4</string>
			<key>isa</key>
			<string>PBXFileReference</string>
			<key>lastKnownFileType</key>
			<string>sourcecode.c.h</string>
			<key>path</key>
			<string>NSString+SFAdditions.h</string>
			<key>sourceTree</key>
			<string>&lt;group&gt;</string>
		</dict>
		<key>8273F16D1778F39F005E31A6</key>
		<dict>
			<key>fileEncoding</key>
			<string>4</string>
			<key>isa</key>
			<string>PBXFileReference</string>
			<key>lastKnownFileType</key>
			<string>sourcecode.c.h</string>
			<key>path</key>
			<string>NSString+SFPathAdditions.h</string>
			<key>sourceTree</key>
			<string>&lt;group&gt;</string>
		</dict>
		<key>8273F16E1778F39F005E31A6</key>
		<dict>
			<key>fileEncoding</key>
			<string>4</string>
			<key>isa</key>
			<string>PBXFileReference</string>
			<key>lastKnownFileType</key>
			<string>sourcecode.c.h</string>
			<key>path</key>
			<string>NSURL+SFAdditions.h</string>
			<key>sourceTree</key>
			<string>&lt;group&gt;</string>
		</dict>
		<key>8273F16F1778F39F005E31A6</key>
		<dict>
			<key>fileEncoding</key>
			<string>4</string>
			<key>isa</key>
			<string>PBXFileReference</string>
			<key>lastKnownFileType</key>
			<string>sourcecode.c.h</string>
			<key>path</key>
			<string>SalesforceCommonUtils.h</string>
			<key>sourceTree</key>
			<string>&lt;group&gt;</string>
		</dict>
		<key>8273F1701778F39F005E31A6</key>
		<dict>
			<key>fileEncoding</key>
			<string>4</string>
			<key>isa</key>
			<string>PBXFileReference</string>
			<key>lastKnownFileType</key>
			<string>sourcecode.c.h</string>
			<key>path</key>
			<string>SFCoverView.h</string>
			<key>sourceTree</key>
			<string>&lt;group&gt;</string>
		</dict>
		<key>8273F1711778F39F005E31A6</key>
		<dict>
			<key>fileEncoding</key>
			<string>4</string>
			<key>isa</key>
			<string>PBXFileReference</string>
			<key>lastKnownFileType</key>
			<string>sourcecode.c.h</string>
			<key>path</key>
			<string>SFCrypto.h</string>
			<key>sourceTree</key>
			<string>&lt;group&gt;</string>
		</dict>
		<key>8273F1721778F39F005E31A6</key>
		<dict>
			<key>fileEncoding</key>
			<string>4</string>
			<key>isa</key>
			<string>PBXFileReference</string>
			<key>lastKnownFileType</key>
			<string>sourcecode.c.h</string>
			<key>path</key>
			<string>SFDateUtil.h</string>
			<key>sourceTree</key>
			<string>&lt;group&gt;</string>
		</dict>
		<key>8273F1731778F39F005E31A6</key>
		<dict>
			<key>fileEncoding</key>
			<string>4</string>
			<key>isa</key>
			<string>PBXFileReference</string>
			<key>lastKnownFileType</key>
			<string>sourcecode.c.h</string>
			<key>path</key>
			<string>SFDeviceInfo.h</string>
			<key>sourceTree</key>
			<string>&lt;group&gt;</string>
		</dict>
		<key>8273F1741778F39F005E31A6</key>
		<dict>
			<key>fileEncoding</key>
			<string>4</string>
			<key>isa</key>
			<string>PBXFileReference</string>
			<key>lastKnownFileType</key>
			<string>sourcecode.c.h</string>
			<key>path</key>
			<string>SFEncryptionManager.h</string>
			<key>sourceTree</key>
			<string>&lt;group&gt;</string>
		</dict>
		<key>8273F1751778F39F005E31A6</key>
		<dict>
			<key>fileEncoding</key>
			<string>4</string>
			<key>isa</key>
			<string>PBXFileReference</string>
			<key>lastKnownFileType</key>
			<string>sourcecode.c.h</string>
			<key>path</key>
			<string>SFGradientView.h</string>
			<key>sourceTree</key>
			<string>&lt;group&gt;</string>
		</dict>
		<key>8273F1761778F39F005E31A6</key>
		<dict>
			<key>fileEncoding</key>
			<string>4</string>
			<key>isa</key>
			<string>PBXFileReference</string>
			<key>lastKnownFileType</key>
			<string>sourcecode.c.h</string>
			<key>path</key>
			<string>SFInactivityTimerCenter.h</string>
			<key>sourceTree</key>
			<string>&lt;group&gt;</string>
		</dict>
		<key>8273F1771778F39F005E31A6</key>
		<dict>
			<key>fileEncoding</key>
			<string>4</string>
			<key>isa</key>
			<string>PBXFileReference</string>
			<key>lastKnownFileType</key>
			<string>sourcecode.c.h</string>
			<key>path</key>
			<string>SFKeychainItemWrapper.h</string>
			<key>sourceTree</key>
			<string>&lt;group&gt;</string>
		</dict>
		<key>8273F1781778F39F005E31A6</key>
		<dict>
			<key>fileEncoding</key>
			<string>4</string>
			<key>isa</key>
			<string>PBXFileReference</string>
			<key>lastKnownFileType</key>
			<string>sourcecode.c.h</string>
			<key>path</key>
			<string>SFLogger.h</string>
			<key>sourceTree</key>
			<string>&lt;group&gt;</string>
		</dict>
		<key>8273F1791778F39F005E31A6</key>
		<dict>
			<key>fileEncoding</key>
			<string>4</string>
			<key>isa</key>
			<string>PBXFileReference</string>
			<key>lastKnownFileType</key>
			<string>sourcecode.c.h</string>
			<key>path</key>
			<string>SFMD5.h</string>
			<key>sourceTree</key>
			<string>&lt;group&gt;</string>
		</dict>
		<key>8273F17A1778F39F005E31A6</key>
		<dict>
			<key>fileEncoding</key>
			<string>4</string>
			<key>isa</key>
			<string>PBXFileReference</string>
			<key>lastKnownFileType</key>
			<string>sourcecode.c.h</string>
			<key>path</key>
			<string>SFPadPickListViewController.h</string>
			<key>sourceTree</key>
			<string>&lt;group&gt;</string>
		</dict>
		<key>8273F17B1778F39F005E31A6</key>
		<dict>
			<key>fileEncoding</key>
			<string>4</string>
			<key>isa</key>
			<string>PBXFileReference</string>
			<key>lastKnownFileType</key>
			<string>sourcecode.c.h</string>
			<key>path</key>
			<string>SFPathUtil.h</string>
			<key>sourceTree</key>
			<string>&lt;group&gt;</string>
		</dict>
		<key>8273F17C1778F39F005E31A6</key>
		<dict>
			<key>fileEncoding</key>
			<string>4</string>
			<key>isa</key>
			<string>PBXFileReference</string>
			<key>lastKnownFileType</key>
			<string>sourcecode.c.h</string>
			<key>path</key>
			<string>SFPhonePickListViewController.h</string>
			<key>sourceTree</key>
			<string>&lt;group&gt;</string>
		</dict>
		<key>8273F17D1778F39F005E31A6</key>
		<dict>
			<key>fileEncoding</key>
			<string>4</string>
			<key>isa</key>
			<string>PBXFileReference</string>
			<key>lastKnownFileType</key>
			<string>sourcecode.c.h</string>
			<key>path</key>
			<string>SFPickListViewController.h</string>
			<key>sourceTree</key>
			<string>&lt;group&gt;</string>
		</dict>
		<key>8273F17E1778F39F005E31A6</key>
		<dict>
			<key>fileEncoding</key>
			<string>4</string>
			<key>isa</key>
			<string>PBXFileReference</string>
			<key>lastKnownFileType</key>
			<string>sourcecode.c.h</string>
			<key>path</key>
			<string>SFSoqlBuilder.h</string>
			<key>sourceTree</key>
			<string>&lt;group&gt;</string>
		</dict>
		<key>8273F17F1778F39F005E31A6</key>
		<dict>
			<key>fileEncoding</key>
			<string>4</string>
			<key>isa</key>
			<string>PBXFileReference</string>
			<key>lastKnownFileType</key>
			<string>sourcecode.c.h</string>
			<key>path</key>
			<string>SFSoslBuilder.h</string>
			<key>sourceTree</key>
			<string>&lt;group&gt;</string>
		</dict>
		<key>8273F1801778F39F005E31A6</key>
		<dict>
			<key>fileEncoding</key>
			<string>4</string>
			<key>isa</key>
			<string>PBXFileReference</string>
			<key>lastKnownFileType</key>
			<string>sourcecode.c.h</string>
			<key>path</key>
			<string>SFSoslReturningBuilder.h</string>
			<key>sourceTree</key>
			<string>&lt;group&gt;</string>
		</dict>
		<key>8273F1811778F39F005E31A6</key>
		<dict>
			<key>fileEncoding</key>
			<string>4</string>
			<key>isa</key>
			<string>PBXFileReference</string>
			<key>lastKnownFileType</key>
			<string>sourcecode.c.h</string>
			<key>path</key>
			<string>SFTestContext.h</string>
			<key>sourceTree</key>
			<string>&lt;group&gt;</string>
		</dict>
		<key>8273F1821778F39F005E31A6</key>
		<dict>
			<key>fileEncoding</key>
			<string>4</string>
			<key>isa</key>
			<string>PBXFileReference</string>
			<key>lastKnownFileType</key>
			<string>sourcecode.c.h</string>
			<key>path</key>
			<string>SFUIUtils.h</string>
			<key>sourceTree</key>
			<string>&lt;group&gt;</string>
		</dict>
		<key>8273F1831778F39F005E31A6</key>
		<dict>
			<key>fileEncoding</key>
			<string>4</string>
			<key>isa</key>
			<string>PBXFileReference</string>
			<key>lastKnownFileType</key>
			<string>sourcecode.c.h</string>
			<key>path</key>
			<string>UIActionSheet+SFBlocks.h</string>
			<key>sourceTree</key>
			<string>&lt;group&gt;</string>
		</dict>
		<key>8273F1841778F39F005E31A6</key>
		<dict>
			<key>fileEncoding</key>
			<string>4</string>
			<key>isa</key>
			<string>PBXFileReference</string>
			<key>lastKnownFileType</key>
			<string>sourcecode.c.h</string>
			<key>path</key>
			<string>UIAlertView+SFBlocks.h</string>
			<key>sourceTree</key>
			<string>&lt;group&gt;</string>
		</dict>
		<key>8273F1851778F39F005E31A6</key>
		<dict>
			<key>fileEncoding</key>
			<string>4</string>
			<key>isa</key>
			<string>PBXFileReference</string>
			<key>lastKnownFileType</key>
			<string>sourcecode.c.h</string>
			<key>path</key>
			<string>UIBarButtonItem+SFAddtions.h</string>
			<key>sourceTree</key>
			<string>&lt;group&gt;</string>
		</dict>
		<key>8273F1861778F39F005E31A6</key>
		<dict>
			<key>fileEncoding</key>
			<string>4</string>
			<key>isa</key>
			<string>PBXFileReference</string>
			<key>lastKnownFileType</key>
			<string>sourcecode.c.h</string>
			<key>path</key>
			<string>UIDevice+SFHardware.h</string>
			<key>sourceTree</key>
			<string>&lt;group&gt;</string>
		</dict>
		<key>8273F1871778F39F005E31A6</key>
		<dict>
			<key>fileEncoding</key>
			<string>4</string>
			<key>isa</key>
			<string>PBXFileReference</string>
			<key>lastKnownFileType</key>
			<string>sourcecode.c.h</string>
			<key>path</key>
			<string>UILabel+SFAdditions.h</string>
			<key>sourceTree</key>
			<string>&lt;group&gt;</string>
		</dict>
		<key>8273F1881778F39F005E31A6</key>
		<dict>
			<key>isa</key>
			<string>PBXFileReference</string>
			<key>lastKnownFileType</key>
			<string>archive.ar</string>
			<key>path</key>
			<string>libSalesforceCommonUtils.a</string>
			<key>sourceTree</key>
			<string>&lt;group&gt;</string>
		</dict>
		<key>8273F18A1778F39F005E31A6</key>
		<dict>
			<key>fileRef</key>
			<string>8273F1881778F39F005E31A6</string>
			<key>isa</key>
			<string>PBXBuildFile</string>
		</dict>
		<key>82B36E3B1828858600B0C975</key>
		<dict>
			<key>fileEncoding</key>
			<string>4</string>
			<key>isa</key>
			<string>PBXFileReference</string>
			<key>lastKnownFileType</key>
			<string>sourcecode.c.h</string>
			<key>path</key>
			<string>SFAuthenticationViewHandler.h</string>
			<key>sourceTree</key>
			<string>&lt;group&gt;</string>
		</dict>
		<key>82B36E3C1828858600B0C975</key>
		<dict>
			<key>fileEncoding</key>
			<string>4</string>
			<key>isa</key>
			<string>PBXFileReference</string>
			<key>lastKnownFileType</key>
			<string>sourcecode.c.h</string>
			<key>path</key>
			<string>SFAuthErrorHandler.h</string>
			<key>sourceTree</key>
			<string>&lt;group&gt;</string>
		</dict>
		<key>82B36E3D1828858600B0C975</key>
		<dict>
			<key>fileEncoding</key>
			<string>4</string>
			<key>isa</key>
			<string>PBXFileReference</string>
			<key>lastKnownFileType</key>
			<string>sourcecode.c.h</string>
			<key>path</key>
			<string>SFAuthErrorHandlerList.h</string>
			<key>sourceTree</key>
			<string>&lt;group&gt;</string>
		</dict>
		<key>82B36E3E1828858600B0C975</key>
		<dict>
			<key>fileEncoding</key>
			<string>4</string>
			<key>isa</key>
			<string>PBXFileReference</string>
			<key>lastKnownFileType</key>
			<string>sourcecode.c.h</string>
			<key>path</key>
			<string>SFPushNotificationManager.h</string>
			<key>sourceTree</key>
			<string>&lt;group&gt;</string>
		</dict>
		<key>82BBB5971793941D00374DD8</key>
		<dict>
			<key>children</key>
			<array>
				<string>82BBB5981793941D00374DD8</string>
				<string>82BBB59E1793941D00374DD8</string>
			</array>
			<key>isa</key>
			<string>PBXGroup</string>
			<key>path</key>
			<string>SalesforceNativeSDK</string>
			<key>sourceTree</key>
			<string>&lt;group&gt;</string>
		</dict>
		<key>82BBB5981793941D00374DD8</key>
		<dict>
			<key>children</key>
			<array>
				<string>82BBB5991793941D00374DD8</string>
			</array>
			<key>isa</key>
			<string>PBXGroup</string>
			<key>path</key>
			<string>Headers</string>
			<key>sourceTree</key>
			<string>&lt;group&gt;</string>
		</dict>
		<key>82BBB5991793941D00374DD8</key>
		<dict>
			<key>children</key>
			<array>
				<string>4F57794817F4CF5B004706EE</string>
				<string>82BBB59A1793941D00374DD8</string>
				<string>82BBB59B1793941D00374DD8</string>
				<string>82BBB59C1793941D00374DD8</string>
				<string>82BBB59D1793941D00374DD8</string>
			</array>
			<key>isa</key>
			<string>PBXGroup</string>
			<key>path</key>
			<string>SalesforceNativeSDK</string>
			<key>sourceTree</key>
			<string>&lt;group&gt;</string>
		</dict>
		<key>82BBB59A1793941D00374DD8</key>
		<dict>
			<key>fileEncoding</key>
			<string>4</string>
			<key>isa</key>
			<string>PBXFileReference</string>
			<key>lastKnownFileType</key>
			<string>sourcecode.c.h</string>
			<key>path</key>
			<string>SFRestAPI+Blocks.h</string>
			<key>sourceTree</key>
			<string>&lt;group&gt;</string>
		</dict>
		<key>82BBB59B1793941D00374DD8</key>
		<dict>
			<key>fileEncoding</key>
			<string>4</string>
			<key>isa</key>
			<string>PBXFileReference</string>
			<key>lastKnownFileType</key>
			<string>sourcecode.c.h</string>
			<key>path</key>
			<string>SFRestAPI+QueryBuilder.h</string>
			<key>sourceTree</key>
			<string>&lt;group&gt;</string>
		</dict>
		<key>82BBB59C1793941D00374DD8</key>
		<dict>
			<key>fileEncoding</key>
			<string>4</string>
			<key>isa</key>
			<string>PBXFileReference</string>
			<key>lastKnownFileType</key>
			<string>sourcecode.c.h</string>
			<key>path</key>
			<string>SFRestAPI.h</string>
			<key>sourceTree</key>
			<string>&lt;group&gt;</string>
		</dict>
		<key>82BBB59D1793941D00374DD8</key>
		<dict>
			<key>fileEncoding</key>
			<string>4</string>
			<key>isa</key>
			<string>PBXFileReference</string>
			<key>lastKnownFileType</key>
			<string>sourcecode.c.h</string>
			<key>path</key>
			<string>SFRestRequest.h</string>
			<key>sourceTree</key>
			<string>&lt;group&gt;</string>
		</dict>
		<key>82BBB59E1793941D00374DD8</key>
		<dict>
			<key>isa</key>
			<string>PBXFileReference</string>
			<key>lastKnownFileType</key>
			<string>archive.ar</string>
			<key>path</key>
			<string>libSalesforceNativeSDK.a</string>
			<key>sourceTree</key>
			<string>&lt;group&gt;</string>
		</dict>
		<key>82BBB59F1793941D00374DD8</key>
		<dict>
			<key>fileRef</key>
			<string>82BBB59E1793941D00374DD8</string>
			<key>isa</key>
			<string>PBXBuildFile</string>
		</dict>
		<key>82BBB5A01793944400374DD8</key>
		<dict>
			<key>children</key>
			<array>
				<string>82BBB5A11793944400374DD8</string>
				<string>82BBB5A61793944400374DD8</string>
			</array>
			<key>isa</key>
			<string>PBXGroup</string>
			<key>path</key>
			<string>SalesforceOAuth</string>
			<key>sourceTree</key>
			<string>&lt;group&gt;</string>
		</dict>
		<key>82BBB5A11793944400374DD8</key>
		<dict>
			<key>children</key>
			<array>
				<string>82BBB5A21793944400374DD8</string>
			</array>
			<key>isa</key>
			<string>PBXGroup</string>
			<key>path</key>
			<string>Headers</string>
			<key>sourceTree</key>
			<string>&lt;group&gt;</string>
		</dict>
		<key>82BBB5A21793944400374DD8</key>
		<dict>
			<key>children</key>
			<array>
				<string>82BBB5A31793944400374DD8</string>
				<string>82BBB5A41793944400374DD8</string>
				<string>82BBB5A51793944400374DD8</string>
			</array>
			<key>isa</key>
			<string>PBXGroup</string>
			<key>path</key>
			<string>SalesforceOAuth</string>
			<key>sourceTree</key>
			<string>&lt;group&gt;</string>
		</dict>
		<key>82BBB5A31793944400374DD8</key>
		<dict>
			<key>fileEncoding</key>
			<string>4</string>
			<key>isa</key>
			<string>PBXFileReference</string>
			<key>lastKnownFileType</key>
			<string>sourcecode.c.h</string>
			<key>path</key>
			<string>SFOAuthCoordinator.h</string>
			<key>sourceTree</key>
			<string>&lt;group&gt;</string>
		</dict>
		<key>82BBB5A41793944400374DD8</key>
		<dict>
			<key>fileEncoding</key>
			<string>4</string>
			<key>isa</key>
			<string>PBXFileReference</string>
			<key>lastKnownFileType</key>
			<string>sourcecode.c.h</string>
			<key>path</key>
			<string>SFOAuthCredentials.h</string>
			<key>sourceTree</key>
			<string>&lt;group&gt;</string>
		</dict>
		<key>82BBB5A51793944400374DD8</key>
		<dict>
			<key>fileEncoding</key>
			<string>4</string>
			<key>isa</key>
			<string>PBXFileReference</string>
			<key>lastKnownFileType</key>
			<string>sourcecode.c.h</string>
			<key>path</key>
			<string>SFOAuthInfo.h</string>
			<key>sourceTree</key>
			<string>&lt;group&gt;</string>
		</dict>
		<key>82BBB5A61793944400374DD8</key>
		<dict>
			<key>isa</key>
			<string>PBXFileReference</string>
			<key>lastKnownFileType</key>
			<string>archive.ar</string>
			<key>path</key>
			<string>libSalesforceOAuth.a</string>
			<key>sourceTree</key>
			<string>&lt;group&gt;</string>
		</dict>
		<key>82BBB5A71793944400374DD8</key>
		<dict>
			<key>fileRef</key>
			<string>82BBB5A61793944400374DD8</string>
			<key>isa</key>
			<string>PBXBuildFile</string>
		</dict>
		<key>82BBB5A81793946800374DD8</key>
		<dict>
			<key>children</key>
			<array>
				<string>82BBB5A91793946800374DD8</string>
				<string>82BBB5BF1793946800374DD8</string>
			</array>
			<key>isa</key>
			<string>PBXGroup</string>
			<key>path</key>
			<string>SalesforceSDKCore</string>
			<key>sourceTree</key>
			<string>&lt;group&gt;</string>
		</dict>
		<key>82BBB5A91793946800374DD8</key>
		<dict>
			<key>children</key>
			<array>
				<string>82BBB5AA1793946800374DD8</string>
			</array>
			<key>isa</key>
			<string>PBXGroup</string>
			<key>path</key>
			<string>Headers</string>
			<key>sourceTree</key>
			<string>&lt;group&gt;</string>
		</dict>
		<key>82BBB5AA1793946800374DD8</key>
		<dict>
			<key>children</key>
			<array>
				<string>82BBB5AB1793946800374DD8</string>
				<string>82BBB5AC1793946800374DD8</string>
				<string>82BBB5AD1793946800374DD8</string>
				<string>82BBB5AE1793946800374DD8</string>
				<string>82BBB5AF1793946800374DD8</string>
				<string>82BBB5B01793946800374DD8</string>
				<string>82B36E3B1828858600B0C975</string>
				<string>82B36E3C1828858600B0C975</string>
				<string>82B36E3D1828858600B0C975</string>
				<string>82BBB5B11793946800374DD8</string>
				<string>82BBB5B21793946800374DD8</string>
				<string>82BBB5B31793946800374DD8</string>
				<string>82BBB5B41793946800374DD8</string>
				<string>82BBB5B51793946800374DD8</string>
				<string>82BBB5B61793946800374DD8</string>
				<string>82B36E3E1828858600B0C975</string>
				<string>82BBB5B71793946800374DD8</string>
				<string>82BBB5B81793946800374DD8</string>
				<string>82BBB5B91793946800374DD8</string>
				<string>82BBB5BA1793946800374DD8</string>
				<string>82BBB5BB1793946800374DD8</string>
				<string>82BBB5BC1793946800374DD8</string>
				<string>82BBB5BD1793946800374DD8</string>
				<string>82BBB5BE1793946800374DD8</string>
			</array>
			<key>isa</key>
			<string>PBXGroup</string>
			<key>path</key>
			<string>SalesforceSDKCore</string>
			<key>sourceTree</key>
			<string>&lt;group&gt;</string>
		</dict>
		<key>82BBB5AB1793946800374DD8</key>
		<dict>
			<key>fileEncoding</key>
			<string>4</string>
			<key>isa</key>
			<string>PBXFileReference</string>
			<key>lastKnownFileType</key>
			<string>sourcecode.c.h</string>
			<key>path</key>
			<string>FMDatabase.h</string>
			<key>sourceTree</key>
			<string>&lt;group&gt;</string>
		</dict>
		<key>82BBB5AC1793946800374DD8</key>
		<dict>
			<key>fileEncoding</key>
			<string>4</string>
			<key>isa</key>
			<string>PBXFileReference</string>
			<key>lastKnownFileType</key>
			<string>sourcecode.c.h</string>
			<key>path</key>
			<string>FMResultSet.h</string>
			<key>sourceTree</key>
			<string>&lt;group&gt;</string>
		</dict>
		<key>82BBB5AD1793946800374DD8</key>
		<dict>
			<key>fileEncoding</key>
			<string>4</string>
			<key>isa</key>
			<string>PBXFileReference</string>
			<key>lastKnownFileType</key>
			<string>sourcecode.c.h</string>
			<key>path</key>
			<string>SalesforceSDKConstants.h</string>
			<key>sourceTree</key>
			<string>&lt;group&gt;</string>
		</dict>
		<key>82BBB5AE1793946800374DD8</key>
		<dict>
			<key>fileEncoding</key>
			<string>4</string>
			<key>isa</key>
			<string>PBXFileReference</string>
			<key>lastKnownFileType</key>
			<string>sourcecode.c.h</string>
			<key>path</key>
			<string>SFAccountManager.h</string>
			<key>sourceTree</key>
			<string>&lt;group&gt;</string>
		</dict>
		<key>82BBB5AF1793946800374DD8</key>
		<dict>
			<key>fileEncoding</key>
			<string>4</string>
			<key>isa</key>
			<string>PBXFileReference</string>
			<key>lastKnownFileType</key>
			<string>sourcecode.c.h</string>
			<key>path</key>
			<string>SFApplication.h</string>
			<key>sourceTree</key>
			<string>&lt;group&gt;</string>
		</dict>
		<key>82BBB5B01793946800374DD8</key>
		<dict>
			<key>fileEncoding</key>
			<string>4</string>
			<key>isa</key>
			<string>PBXFileReference</string>
			<key>lastKnownFileType</key>
			<string>sourcecode.c.h</string>
			<key>path</key>
			<string>SFAuthenticationManager.h</string>
			<key>sourceTree</key>
			<string>&lt;group&gt;</string>
		</dict>
		<key>82BBB5B11793946800374DD8</key>
		<dict>
			<key>fileEncoding</key>
			<string>4</string>
			<key>isa</key>
			<string>PBXFileReference</string>
			<key>lastKnownFileType</key>
			<string>sourcecode.c.h</string>
			<key>path</key>
			<string>SFAuthorizingViewController.h</string>
			<key>sourceTree</key>
			<string>&lt;group&gt;</string>
		</dict>
		<key>82BBB5B21793946800374DD8</key>
		<dict>
			<key>fileEncoding</key>
			<string>4</string>
			<key>isa</key>
			<string>PBXFileReference</string>
			<key>lastKnownFileType</key>
			<string>sourcecode.c.h</string>
			<key>path</key>
			<string>SFIdentityCoordinator.h</string>
			<key>sourceTree</key>
			<string>&lt;group&gt;</string>
		</dict>
		<key>82BBB5B31793946800374DD8</key>
		<dict>
			<key>fileEncoding</key>
			<string>4</string>
			<key>isa</key>
			<string>PBXFileReference</string>
			<key>lastKnownFileType</key>
			<string>sourcecode.c.h</string>
			<key>path</key>
			<string>SFIdentityData.h</string>
			<key>sourceTree</key>
			<string>&lt;group&gt;</string>
		</dict>
		<key>82BBB5B41793946800374DD8</key>
		<dict>
			<key>fileEncoding</key>
			<string>4</string>
			<key>isa</key>
			<string>PBXFileReference</string>
			<key>lastKnownFileType</key>
			<string>sourcecode.c.h</string>
			<key>path</key>
			<string>SFJsonUtils.h</string>
			<key>sourceTree</key>
			<string>&lt;group&gt;</string>
		</dict>
		<key>82BBB5B51793946800374DD8</key>
		<dict>
			<key>fileEncoding</key>
			<string>4</string>
			<key>isa</key>
			<string>PBXFileReference</string>
			<key>lastKnownFileType</key>
			<string>sourcecode.c.h</string>
			<key>path</key>
			<string>SFPasscodeManager.h</string>
			<key>sourceTree</key>
			<string>&lt;group&gt;</string>
		</dict>
		<key>82BBB5B61793946800374DD8</key>
		<dict>
			<key>fileEncoding</key>
			<string>4</string>
			<key>isa</key>
			<string>PBXFileReference</string>
			<key>lastKnownFileType</key>
			<string>sourcecode.c.h</string>
			<key>path</key>
			<string>SFPasscodeProviderManager.h</string>
			<key>sourceTree</key>
			<string>&lt;group&gt;</string>
		</dict>
		<key>82BBB5B71793946800374DD8</key>
		<dict>
			<key>fileEncoding</key>
			<string>4</string>
			<key>isa</key>
			<string>PBXFileReference</string>
			<key>lastKnownFileType</key>
			<string>sourcecode.c.h</string>
			<key>path</key>
			<string>SFQuerySpec.h</string>
			<key>sourceTree</key>
			<string>&lt;group&gt;</string>
		</dict>
		<key>82BBB5B81793946800374DD8</key>
		<dict>
			<key>fileEncoding</key>
			<string>4</string>
			<key>isa</key>
			<string>PBXFileReference</string>
			<key>lastKnownFileType</key>
			<string>sourcecode.c.h</string>
			<key>path</key>
			<string>SFSDKResourceUtils.h</string>
			<key>sourceTree</key>
			<string>&lt;group&gt;</string>
		</dict>
		<key>82BBB5B91793946800374DD8</key>
		<dict>
			<key>fileEncoding</key>
			<string>4</string>
			<key>isa</key>
			<string>PBXFileReference</string>
			<key>lastKnownFileType</key>
			<string>sourcecode.c.h</string>
			<key>path</key>
			<string>SFSDKWebUtils.h</string>
			<key>sourceTree</key>
			<string>&lt;group&gt;</string>
		</dict>
		<key>82BBB5BA1793946800374DD8</key>
		<dict>
			<key>fileEncoding</key>
			<string>4</string>
			<key>isa</key>
			<string>PBXFileReference</string>
			<key>lastKnownFileType</key>
			<string>sourcecode.c.h</string>
			<key>path</key>
			<string>SFSecurityLockout.h</string>
			<key>sourceTree</key>
			<string>&lt;group&gt;</string>
		</dict>
		<key>82BBB5BB1793946800374DD8</key>
		<dict>
			<key>fileEncoding</key>
			<string>4</string>
			<key>isa</key>
			<string>PBXFileReference</string>
			<key>lastKnownFileType</key>
			<string>sourcecode.c.h</string>
			<key>path</key>
			<string>SFSmartStore.h</string>
			<key>sourceTree</key>
			<string>&lt;group&gt;</string>
		</dict>
		<key>82BBB5BC1793946800374DD8</key>
		<dict>
			<key>fileEncoding</key>
			<string>4</string>
			<key>isa</key>
			<string>PBXFileReference</string>
			<key>lastKnownFileType</key>
			<string>sourcecode.c.h</string>
			<key>path</key>
			<string>SFSmartStoreDatabaseManager.h</string>
			<key>sourceTree</key>
			<string>&lt;group&gt;</string>
		</dict>
		<key>82BBB5BD1793946800374DD8</key>
		<dict>
			<key>fileEncoding</key>
			<string>4</string>
			<key>isa</key>
			<string>PBXFileReference</string>
			<key>lastKnownFileType</key>
			<string>sourcecode.c.h</string>
			<key>path</key>
			<string>SFSoupIndex.h</string>
			<key>sourceTree</key>
			<string>&lt;group&gt;</string>
		</dict>
		<key>82BBB5BE1793946800374DD8</key>
		<dict>
			<key>fileEncoding</key>
			<string>4</string>
			<key>isa</key>
			<string>PBXFileReference</string>
			<key>lastKnownFileType</key>
			<string>sourcecode.c.h</string>
			<key>path</key>
			<string>SFStoreCursor.h</string>
			<key>sourceTree</key>
			<string>&lt;group&gt;</string>
		</dict>
		<key>82BBB5BF1793946800374DD8</key>
		<dict>
			<key>isa</key>
			<string>PBXFileReference</string>
			<key>lastKnownFileType</key>
			<string>archive.ar</string>
			<key>path</key>
			<string>libSalesforceSDKCore.a</string>
			<key>sourceTree</key>
			<string>&lt;group&gt;</string>
		</dict>
		<key>82BBB5C01793946800374DD8</key>
		<dict>
			<key>fileRef</key>
			<string>82BBB5BF1793946800374DD8</string>
			<key>isa</key>
			<string>PBXBuildFile</string>
		</dict>
		<key>B77020996CC44CE0A5907FCC</key>
		<dict>
			<key>fileRef</key>
			<string>5D03A39026F848D9BDB8D7C2</string>
			<key>isa</key>
			<string>PBXBuildFile</string>
		</dict>
		<key>EA6F00501839BBC700336E21</key>
		<dict>
			<key>fileEncoding</key>
			<string>4</string>
			<key>isa</key>
			<string>PBXFileReference</string>
			<key>lastKnownFileType</key>
			<string>file.storyboard</string>
			<key>path</key>
			<string>Main.storyboard</string>
			<key>sourceTree</key>
			<string>&lt;group&gt;</string>
		</dict>
		<key>EA6F00511839BBC700336E21</key>
		<dict>
			<key>fileRef</key>
			<string>EA6F00501839BBC700336E21</string>
			<key>isa</key>
			<string>PBXBuildFile</string>
		</dict>
		<key>EA6F00521839BDD700336E21</key>
		<dict>
			<key>children</key>
			<array>
				<string>EA6F0065183AAB9100336E21</string>
				<string>EA6F0066183AAB9100336E21</string>
				<string>EA6F00551839BF2000336E21</string>
				<string>EA6F00531839BDE500336E21</string>
				<string>EA6F005B1839C78E00336E21</string>
			</array>
			<key>isa</key>
			<string>PBXGroup</string>
			<key>name</key>
			<string>Images</string>
			<key>sourceTree</key>
			<string>&lt;group&gt;</string>
		</dict>
		<key>EA6F00531839BDE500336E21</key>
		<dict>
			<key>isa</key>
			<string>PBXFileReference</string>
			<key>lastKnownFileType</key>
			<string>image.png</string>
			<key>path</key>
			<string>SFBackground.png</string>
			<key>sourceTree</key>
			<string>&lt;group&gt;</string>
		</dict>
		<key>EA6F00541839BDE500336E21</key>
		<dict>
			<key>fileRef</key>
			<string>EA6F00531839BDE500336E21</string>
			<key>isa</key>
			<string>PBXBuildFile</string>
		</dict>
		<key>EA6F00551839BF2000336E21</key>
		<dict>
			<key>isa</key>
			<string>PBXFileReference</string>
			<key>lastKnownFileType</key>
			<string>image.png</string>
			<key>path</key>
			<string>SFBackground_DarkGradient.png</string>
			<key>sourceTree</key>
			<string>&lt;group&gt;</string>
		</dict>
		<key>EA6F00561839BF2000336E21</key>
		<dict>
			<key>fileRef</key>
			<string>EA6F00551839BF2000336E21</string>
			<key>isa</key>
			<string>PBXBuildFile</string>
		</dict>
		<key>EA6F00571839C22B00336E21</key>
		<dict>
			<key>children</key>
			<array>
				<string>EA6F00581839C24700336E21</string>
				<string>EA6F00591839C24700336E21</string>
			</array>
			<key>isa</key>
			<string>PBXGroup</string>
			<key>name</key>
			<string>View Controllers</string>
			<key>sourceTree</key>
			<string>&lt;group&gt;</string>
		</dict>
		<key>EA6F00581839C24700336E21</key>
		<dict>
			<key>fileEncoding</key>
			<string>4</string>
			<key>isa</key>
			<string>PBXFileReference</string>
			<key>lastKnownFileType</key>
			<string>sourcecode.c.h</string>
			<key>path</key>
			<string>FeedTableViewController.h</string>
			<key>sourceTree</key>
			<string>&lt;group&gt;</string>
		</dict>
		<key>EA6F00591839C24700336E21</key>
		<dict>
			<key>fileEncoding</key>
			<string>4</string>
			<key>isa</key>
			<string>PBXFileReference</string>
			<key>lastKnownFileType</key>
			<string>sourcecode.c.objc</string>
			<key>path</key>
			<string>FeedTableViewController.m</string>
			<key>sourceTree</key>
			<string>&lt;group&gt;</string>
		</dict>
		<key>EA6F005A1839C24700336E21</key>
		<dict>
			<key>fileRef</key>
			<string>EA6F00591839C24700336E21</string>
			<key>isa</key>
			<string>PBXBuildFile</string>
		</dict>
		<key>EA6F005B1839C78E00336E21</key>
		<dict>
			<key>isa</key>
			<string>PBXFileReference</string>
			<key>lastKnownFileType</key>
			<string>image.png</string>
			<key>name</key>
			<string>Default-568h@2x.png</string>
			<key>path</key>
			<string>../Default-568h@2x.png</string>
			<key>sourceTree</key>
			<string>&lt;group&gt;</string>
		</dict>
		<key>EA6F005C1839C78E00336E21</key>
		<dict>
			<key>fileRef</key>
			<string>EA6F005B1839C78E00336E21</string>
			<key>isa</key>
			<string>PBXBuildFile</string>
		</dict>
		<key>EA6F0065183AAB9100336E21</key>
		<dict>
			<key>isa</key>
			<string>PBXFileReference</string>
			<key>lastKnownFileType</key>
			<string>image.png</string>
			<key>path</key>
			<string>menu_icon.png</string>
			<key>sourceTree</key>
			<string>&lt;group&gt;</string>
		</dict>
		<key>EA6F0066183AAB9100336E21</key>
		<dict>
			<key>isa</key>
			<string>PBXFileReference</string>
			<key>lastKnownFileType</key>
			<string>image.png</string>
			<key>path</key>
			<string>plus_icon.png</string>
			<key>sourceTree</key>
			<string>&lt;group&gt;</string>
		</dict>
		<key>EA6F0067183AAB9100336E21</key>
		<dict>
			<key>fileRef</key>
			<string>EA6F0065183AAB9100336E21</string>
			<key>isa</key>
			<string>PBXBuildFile</string>
		</dict>
		<key>EA6F0068183AAB9100336E21</key>
		<dict>
			<key>fileRef</key>
			<string>EA6F0066183AAB9100336E21</string>
			<key>isa</key>
			<string>PBXBuildFile</string>
		</dict>
	</dict>
	<key>rootObject</key>
	<string>824A9DCD1724E16400C9BD79</string>
</dict>
</plist>
